// !$*UTF8*$!
{
	archiveVersion = 1;
	classes = {
	};
	objectVersion = 46;
	objects = {

/* Begin PBXBuildFile section */
		22A2F7DF1F1FB1E00008E43C /* AppDelegate.swift in Sources */ = {isa = PBXBuildFile; fileRef = 22A2F7DE1F1FB1E00008E43C /* AppDelegate.swift */; };
		22A2F7E11F1FB1E00008E43C /* ViewController.swift in Sources */ = {isa = PBXBuildFile; fileRef = 22A2F7E01F1FB1E00008E43C /* ViewController.swift */; };
		22A2F7E41F1FB1E00008E43C /* Main.storyboard in Resources */ = {isa = PBXBuildFile; fileRef = 22A2F7E21F1FB1E00008E43C /* Main.storyboard */; };
		22A2F7E61F1FB1E00008E43C /* Assets.xcassets in Resources */ = {isa = PBXBuildFile; fileRef = 22A2F7E51F1FB1E00008E43C /* Assets.xcassets */; };
		22A2F7E91F1FB1E00008E43C /* LaunchScreen.storyboard in Resources */ = {isa = PBXBuildFile; fileRef = 22A2F7E71F1FB1E00008E43C /* LaunchScreen.storyboard */; };
/* End PBXBuildFile section */

/* Begin PBXFileReference section */
		22A2F7DB1F1FB1E00008E43C /* stepperReview.app */ = {isa = PBXFileReference; explicitFileType = wrapper.application; includeInIndex = 0; path = stepperReview.app; sourceTree = BUILT_PRODUCTS_DIR; };
		22A2F7DE1F1FB1E00008E43C /* AppDelegate.swift */ = {isa = PBXFileReference; lastKnownFileType = sourcecode.swift; path = AppDelegate.swift; sourceTree = "<group>"; };
		22A2F7E01F1FB1E00008E43C /* ViewController.swift */ = {isa = PBXFileReference; lastKnownFileType = sourcecode.swift; path = ViewController.swift; sourceTree = "<group>"; };
		22A2F7E31F1FB1E00008E43C /* Base */ = {isa = PBXFileReference; lastKnownFileType = file.storyboard; name = Base; path = Base.lproj/Main.storyboard; sourceTree = "<group>"; };
		22A2F7E51F1FB1E00008E43C /* Assets.xcassets */ = {isa = PBXFileReference; lastKnownFileType = folder.assetcatalog; path = Assets.xcassets; sourceTree = "<group>"; };
		22A2F7E81F1FB1E00008E43C /* Base */ = {isa = PBXFileReference; lastKnownFileType = file.storyboard; name = Base; path = Base.lproj/LaunchScreen.storyboard; sourceTree = "<group>"; };
		22A2F7EA1F1FB1E00008E43C /* Info.plist */ = {isa = PBXFileReference; lastKnownFileType = text.plist.xml; path = Info.plist; sourceTree = "<group>"; };
/* End PBXFileReference section */

/* Begin PBXFrameworksBuildPhase section */
		22A2F7D81F1FB1E00008E43C /* Frameworks */ = {
			isa = PBXFrameworksBuildPhase;
			buildActionMask = 2147483647;
			files = (
			);
			runOnlyForDeploymentPostprocessing = 0;
		};
/* End PBXFrameworksBuildPhase section */

/* Begin PBXGroup section */
		22A2F7D21F1FB1E00008E43C = {
			isa = PBXGroup;
			children = (
				22A2F7DD1F1FB1E00008E43C /* stepperReview */,
				22A2F7DC1F1FB1E00008E43C /* Products */,
			);
			sourceTree = "<group>";
		};
		22A2F7DC1F1FB1E00008E43C /* Products */ = {
			isa = PBXGroup;
			children = (
				22A2F7DB1F1FB1E00008E43C /* stepperReview.app */,
			);
			name = Products;
			sourceTree = "<group>";
		};
		22A2F7DD1F1FB1E00008E43C /* stepperReview */ = {
			isa = PBXGroup;
			children = (
				22A2F7DE1F1FB1E00008E43C /* AppDelegate.swift */,
				22A2F7E01F1FB1E00008E43C /* ViewController.swift */,
				22A2F7E21F1FB1E00008E43C /* Main.storyboard */,
				22A2F7E51F1FB1E00008E43C /* Assets.xcassets */,
				22A2F7E71F1FB1E00008E43C /* LaunchScreen.storyboard */,
				22A2F7EA1F1FB1E00008E43C /* Info.plist */,
			);
			path = stepperReview;
			sourceTree = "<group>";
		};
/* End PBXGroup section */

/* Begin PBXNativeTarget section */
		22A2F7DA1F1FB1E00008E43C /* stepperReview */ = {
			isa = PBXNativeTarget;
			buildConfigurationList = 22A2F7ED1F1FB1E00008E43C /* Build configuration list for PBXNativeTarget "stepperReview" */;
			buildPhases = (
				22A2F7D71F1FB1E00008E43C /* Sources */,
				22A2F7D81F1FB1E00008E43C /* Frameworks */,
				22A2F7D91F1FB1E00008E43C /* Resources */,
			);
			buildRules = (
			);
			dependencies = (
			);
			name = stepperReview;
			productName = stepperReview;
			productReference = 22A2F7DB1F1FB1E00008E43C /* stepperReview.app */;
			productType = "com.apple.product-type.application";
		};
/* End PBXNativeTarget section */

/* Begin PBXProject section */
		22A2F7D31F1FB1E00008E43C /* Project object */ = {
			isa = PBXProject;
			attributes = {
				LastSwiftUpdateCheck = 0830;
				LastUpgradeCheck = 0830;
				ORGANIZATIONNAME = "Shaan Mirchandani";
				TargetAttributes = {
					22A2F7DA1F1FB1E00008E43C = {
						CreatedOnToolsVersion = 8.3.3;
						ProvisioningStyle = Automatic;
					};
				};
			};
			buildConfigurationList = 22A2F7D61F1FB1E00008E43C /* Build configuration list for PBXProject "stepperReview" */;
			compatibilityVersion = "Xcode 3.2";
			developmentRegion = English;
			hasScannedForEncodings = 0;
			knownRegions = (
				en,
				Base,
			);
			mainGroup = 22A2F7D21F1FB1E00008E43C;
			productRefGroup = 22A2F7DC1F1FB1E00008E43C /* Products */;
			projectDirPath = "";
			projectRoot = "";
			targets = (
				22A2F7DA1F1FB1E00008E43C /* stepperReview */,
			);
		};
/* End PBXProject section */

/* Begin PBXResourcesBuildPhase section */
		22A2F7D91F1FB1E00008E43C /* Resources */ = {
			isa = PBXResourcesBuildPhase;
			buildActionMask = 2147483647;
			files = (
				22A2F7E91F1FB1E00008E43C /* LaunchScreen.storyboard in Resources */,
				22A2F7E61F1FB1E00008E43C /* Assets.xcassets in Resources */,
				22A2F7E41F1FB1E00008E43C /* Main.storyboard in Resources */,
			);
			runOnlyForDeploymentPostprocessing = 0;
		};
/* End PBXResourcesBuildPhase section */

/* Begin PBXSourcesBuildPhase section */
		22A2F7D71F1FB1E00008E43C /* Sources */ = {
			isa = PBXSourcesBuildPhase;
			buildActionMask = 2147483647;
			files = (
				22A2F7E11F1FB1E00008E43C /* ViewController.swift in Sources */,
				22A2F7DF1F1FB1E00008E43C /* AppDelegate.swift in Sources */,
			);
			runOnlyForDeploymentPostprocessing = 0;
		};
/* End PBXSourcesBuildPhase section */

/* Begin PBXVariantGroup section */
		22A2F7E21F1FB1E00008E43C /* Main.storyboard */ = {
			isa = PBXVariantGroup;
			children = (
				22A2F7E31F1FB1E00008E43C /* Base */,
			);
			name = Main.storyboard;
			sourceTree = "<group>";
		};
		22A2F7E71F1FB1E00008E43C /* LaunchScreen.storyboard */ = {
			isa = PBXVariantGroup;
			children = (
				22A2F7E81F1FB1E00008E43C /* Base */,
			);
			name = LaunchScreen.storyboard;
			sourceTree = "<group>";
		};
/* End PBXVariantGroup section */

/* Begin XCBuildConfiguration section */
		22A2F7EB1F1FB1E00008E43C /* Debug */ = {
			isa = XCBuildConfiguration;
			buildSettings = {
				ALWAYS_SEARCH_USER_PATHS = NO;
				CLANG_ANALYZER_NONNULL = YES;
				CLANG_ANALYZER_NUMBER_OBJECT_CONVERSION = YES_AGGRESSIVE;
				CLANG_CXX_LANGUAGE_STANDARD = "gnu++0x";
				CLANG_CXX_LIBRARY = "libc++";
				CLANG_ENABLE_MODULES = YES;
				CLANG_ENABLE_OBJC_ARC = YES;
				CLANG_WARN_BOOL_CONVERSION = YES;
				CLANG_WARN_CONSTANT_CONVERSION = YES;
				CLANG_WARN_DIRECT_OBJC_ISA_USAGE = YES_ERROR;
				CLANG_WARN_DOCUMENTATION_COMMENTS = YES;
				CLANG_WARN_EMPTY_BODY = YES;
				CLANG_WARN_ENUM_CONVERSION = YES;
				CLANG_WARN_INFINITE_RECURSION = YES;
				CLANG_WARN_INT_CONVERSION = YES;
				CLANG_WARN_OBJC_ROOT_CLASS = YES_ERROR;
				CLANG_WARN_SUSPICIOUS_MOVE = YES;
				CLANG_WARN_UNREACHABLE_CODE = YES;
				CLANG_WARN__DUPLICATE_METHOD_MATCH = YES;
				"CODE_SIGN_IDENTITY[sdk=iphoneos*]" = "iPhone Developer";
				COPY_PHASE_STRIP = NO;
				DEBUG_INFORMATION_FORMAT = dwarf;
				ENABLE_STRICT_OBJC_MSGSEND = YES;
				ENABLE_TESTABILITY = YES;
				GCC_C_LANGUAGE_STANDARD = gnu99;
				GCC_DYNAMIC_NO_PIC = NO;
				GCC_NO_COMMON_BLOCKS = YES;
				GCC_OPTIMIZATION_LEVEL = 0;
				GCC_PREPROCESSOR_DEFINITIONS = (
					"DEBUG=1",
					"$(inherited)",
				);
				GCC_WARN_64_TO_32_BIT_CONVERSION = YES;
				GCC_WARN_ABOUT_RETURN_TYPE = YES_ERROR;
				GCC_WARN_UNDECLARED_SELECTOR = YES;
				GCC_WARN_UNINITIALIZED_AUTOS = YES_AGGRESSIVE;
				GCC_WARN_UNUSED_FUNCTION = YES;
				GCC_WARN_UNUSED_VARIABLE = YES;
				IPHONEOS_DEPLOYMENT_TARGET = 10.3;
				MTL_ENABLE_DEBUG_INFO = YES;
				ONLY_ACTIVE_ARCH = YES;
				SDKROOT = iphoneos;
				SWIFT_ACTIVE_COMPILATION_CONDITIONS = DEBUG;
				SWIFT_OPTIMIZATION_LEVEL = "-Onone";
				TARGETED_DEVICE_FAMILY = "1,2";
			};
			name = Debug;
		};
		22A2F7EC1F1FB1E00008E43C /* Release */ = {
			isa = XCBuildConfiguration;
			buildSettings = {
				ALWAYS_SEARCH_USER_PATHS = NO;
				CLANG_ANALYZER_NONNULL = YES;
				CLANG_ANALYZER_NUMBER_OBJECT_CONVERSION = YES_AGGRESSIVE;
				CLANG_CXX_LANGUAGE_STANDARD = "gnu++0x";
				CLANG_CXX_LIBRARY = "libc++";
				CLANG_ENABLE_MODULES = YES;
				CLANG_ENABLE_OBJC_ARC = YES;
				CLANG_WARN_BOOL_CONVERSION = YES;
				CLANG_WARN_CONSTANT_CONVERSION = YES;
				CLANG_WARN_DIRECT_OBJC_ISA_USAGE = YES_ERROR;
				CLANG_WARN_DOCUMENTATION_COMMENTS = YES;
				CLANG_WARN_EMPTY_BODY = YES;
				CLANG_WARN_ENUM_CONVERSION = YES;
				CLANG_WARN_INFINITE_RECURSION = YES;
				CLANG_WARN_INT_CONVERSION = YES;
				CLANG_WARN_OBJC_ROOT_CLASS = YES_ERROR;
				CLANG_WARN_SUSPICIOUS_MOVE = YES;
				CLANG_WARN_UNREACHABLE_CODE = YES;
				CLANG_WARN__DUPLICATE_METHOD_MATCH = YES;
				"CODE_SIGN_IDENTITY[sdk=iphoneos*]" = "iPhone Developer";
				COPY_PHASE_STRIP = NO;
				DEBUG_INFORMATION_FORMAT = "dwarf-with-dsym";
				ENABLE_NS_ASSERTIONS = NO;
				ENABLE_STRICT_OBJC_MSGSEND = YES;
				GCC_C_LANGUAGE_STANDARD = gnu99;
				GCC_NO_COMMON_BLOCKS = YES;
				GCC_WARN_64_TO_32_BIT_CONVERSION = YES;
				GCC_WARN_ABOUT_RETURN_TYPE = YES_ERROR;
				GCC_WARN_UNDECLARED_SELECTOR = YES;
				GCC_WARN_UNINITIALIZED_AUTOS = YES_AGGRESSIVE;
				GCC_WARN_UNUSED_FUNCTION = YES;
				GCC_WARN_UNUSED_VARIABLE = YES;
				IPHONEOS_DEPLOYMENT_TARGET = 10.3;
				MTL_ENABLE_DEBUG_INFO = NO;
				SDKROOT = iphoneos;
				SWIFT_OPTIMIZATION_LEVEL = "-Owholemodule";
				TARGETED_DEVICE_FAMILY = "1,2";
				VALIDATE_PRODUCT = YES;
			};
			name = Release;
		};
		22A2F7EE1F1FB1E00008E43C /* Debug */ = {
			isa = XCBuildConfiguration;
			buildSettings = {
				ASSETCATALOG_COMPILER_APPICON_NAME = AppIcon;
				INFOPLIST_FILE = stepperReview/Info.plist;
				LD_RUNPATH_SEARCH_PATHS = "$(inherited) @executable_path/Frameworks";
				PRODUCT_BUNDLE_IDENTIFIER = com.shaanmirchandani.stepperReview;
				PRODUCT_NAME = "$(TARGET_NAME)";
				SWIFT_VERSION = 3.0;
			};
			name = Debug;
		};
		22A2F7EF1F1FB1E00008E43C /* Release */ = {
			isa = XCBuildConfiguration;
			buildSettings = {
				ASSETCATALOG_COMPILER_APPICON_NAME = AppIcon;
				INFOPLIST_FILE = stepperReview/Info.plist;
				LD_RUNPATH_SEARCH_PATHS = "$(inherited) @executable_path/Frameworks";
				PRODUCT_BUNDLE_IDENTIFIER = com.shaanmirchandani.stepperReview;
				PRODUCT_NAME = "$(TARGET_NAME)";
				SWIFT_VERSION = 3.0;
			};
			name = Release;
		};
/* End XCBuildConfiguration section */

/* Begin XCConfigurationList section */
		22A2F7D61F1FB1E00008E43C /* Build configuration list for PBXProject "stepperReview" */ = {
			isa = XCConfigurationList;
			buildConfigurations = (
				22A2F7EB1F1FB1E00008E43C /* Debug */,
				22A2F7EC1F1FB1E00008E43C /* Release */,
			);
			defaultConfigurationIsVisible = 0;
			defaultConfigurationName = Release;
		};
		22A2F7ED1F1FB1E00008E43C /* Build configuration list for PBXNativeTarget "stepperReview" */ = {
			isa = XCConfigurationList;
			buildConfigurations = (
				22A2F7EE1F1FB1E00008E43C /* Debug */,
				22A2F7EF1F1FB1E00008E43C /* Release */,
			);
			defaultConfigurationIsVisible = 0;
		};
/* End XCConfigurationList section */
	};
	rootObject = 22A2F7D31F1FB1E00008E43C /* Project object */;
}
